
Microsoft Visual Studio Solution File, Format Version 12.00
# Visual Studio Version 17
VisualStudioVersion = 17.8.34330.188
MinimumVisualStudioVersion = 10.0.40219.1
Project("{8BC9CEB8-8B4A-11D0-8D11-00A0C91BC942}") = "SaneWindowsAPI", "SaneWindowsAPI.vcxproj", "{86C48659-1315-4580-A521-FC2EA67CE660}"
EndProject
Global
	GlobalSection(SolutionConfigurationPlatforms) = preSolution
		Debug|x64 = Debug|x64
		Debug|x86 = Debug|x86
		Release|x64 = Release|x64
		Release|x86 = Release|x86
	EndGlobalSection
	GlobalSection(ProjectConfigurationPlatforms) = postSolution
		{86C48659-1315-4580-A521-FC2EA67CE660}.Debug|x64.ActiveCfg = Debug|x64
		{86C48659-1315-4580-A521-FC2EA67CE660}.Debug|x64.Build.0 = Debug|x64
		{86C48659-1315-4580-A521-FC2EA67CE660}.Debug|x86.ActiveCfg = Debug|Win32
		{86C48659-1315-4580-A521-FC2EA67CE660}.Debug|x86.Build.0 = Debug|Win32
		{86C48659-1315-4580-A521-FC2EA67CE660}.Release|x64.ActiveCfg = Release|x64
		{86C48659-1315-4580-A521-FC2EA67CE660}.Release|x64.Build.0 = Release|x64
		{86C48659-1315-4580-A521-FC2EA67CE660}.Release|x86.ActiveCfg = Release|Win32
		{86C48659-1315-4580-A521-FC2EA67CE660}.Release|x86.Build.0 = Release|Win32
	EndGlobalSection
	GlobalSection(SolutionProperties) = preSolution
		HideSolutionNode = FALSE
	EndGlobalSection
	GlobalSection(ExtensibilityGlobals) = postSolution
		SolutionGuid = {9EE7CE9D-5CDA-4A46-8C14-7D5CD9A240D2}
	EndGlobalSection
EndGlobal
